
Microsoft Visual Studio Solution File, Format Version 12.00
# Visual Studio Version 17
VisualStudioVersion = 17.13.35828.75 d17.13
MinimumVisualStudioVersion = 10.0.40219.1
Project("{FAE04EC0-301F-11D3-BF4B-00C04F79EFBC}") = "memory", "memory.csproj", "{336426EB-1C4F-45F4-82D6-35A88366B7E3}"
EndProject
Global
	GlobalSection(SolutionConfigurationPlatforms) = preSolution
		Debug|Any CPU = Debug|Any CPU
		Release|Any CPU = Release|Any CPU
	EndGlobalSection
	GlobalSection(ProjectConfigurationPlatforms) = postSolution
		{336426EB-1C4F-45F4-82D6-35A88366B7E3}.Debug|Any CPU.ActiveCfg = Debug|Any CPU
		{336426EB-1C4F-45F4-82D6-35A88366B7E3}.Debug|Any CPU.Build.0 = Debug|Any CPU
		{336426EB-1C4F-45F4-82D6-35A88366B7E3}.Release|Any CPU.ActiveCfg = Release|Any CPU
		{336426EB-1C4F-45F4-82D6-35A88366B7E3}.Release|Any CPU.Build.0 = Release|Any CPU
	EndGlobalSection
	GlobalSection(SolutionProperties) = preSolution
		HideSolutionNode = FALSE
	EndGlobalSection
	GlobalSection(ExtensibilityGlobals) = postSolution
		SolutionGuid = {D4445D92-C9BE-4E52-ADA1-B5F938BABDF5}
	EndGlobalSection
EndGlobal
